{
  "name": "simpleinvoices-assets",
  "lockfileVersion": 3,
  "requires": true,
  "packages": {
    "": {
      "name": "simpleinvoices-assets",
      "dependencies": {
        "@fontsource/inter": "5.2.8",
        "@tabler/core": "1.6.1",
        "@tabler/icons-webfont": "3.49.0",
        "apexcharts": "7.8.0",
        "hugerte": "1.0.14",
        "litepicker": "2.0.12",
        "tom-select": "2.6.2"
      }
    },
    "node_modules/@fontsource/inter": {
      "version": "5.2.8",
      "resolved": "https://registry.npmjs.org/@fontsource/inter/-/inter-5.2.8.tgz",
      "integrity": "sha512-P6r5WnJoKiNVV+zvW2xM13gNdFhAEpQ9dQJHt3naLvfg+LkF2ldgSLiF4T41lf1SQCM9QmkqPTn4TH568IRagg==",
      "license": "OFL-1.1",
      "funding": {
        "url": "https://github.com/sponsors/ayuhito"
      }
    },
    "node_modules/@orchidjs/sifter": {
      "version": "1.1.0",
      "resolved": "https://registry.npmjs.org/@orchidjs/sifter/-/sifter-1.1.0.tgz",
      "integrity": "sha512-mYwHCfr736cIWWdhhSZvDbf90AKt2xyrJspKFC3qyIJG1LtrJeJunYEqCGG4Aq2ijENbc4WkOjszcvNaIAS/pQ==",
      "license": "Apache-2.0",
      "dependencies": {
        "@orchidjs/unicode-variants": "^1.1.2"
      }
    },
    "node_modules/@orchidjs/unicode-variants": {
      "version": "1.1.2",
      "resolved": "https://registry.npmjs.org/@orchidjs/unicode-variants/-/unicode-variants-1.1.2.tgz",
      "integrity": "sha512-5DobW1CHgnBROOEpFlEXytED5OosEWESFvg/VYmH0143oXcijYTprRYJTs+55HzGM4IqxiLFSuqEzu9mPNwVsA==",
      "license": "Apache-2.0"
    },
    "node_modules/@popperjs/core": {
      "version": "2.11.8",
      "resolved": "https://registry.npmjs.org/@popperjs/core/-/core-2.11.8.tgz",
      "integrity": "sha512-P1st0aksCrn9sGZhp8GMYwBnQsbvAWsZAX44oXNNvLHGqAOcoVxmjZiohstwQ7SqKnbR47akdNi+uleWD8+g6A==",
      "license": "MIT",
      "funding": {
        "type": "opencollective",
        "url": "https://opencollective.com/popperjs"
      }
    },
    "node_modules/@tabler/core": {
      "version": "1.6.1",
      "resolved": "https://registry.npmjs.org/@tabler/core/-/core-1.6.1.tgz",
      "integrity": "sha512-lgmR9gcxRp5JlLxcmRi9Rz85JrEvH6Bz71KnlcPVSa97wtwQNjgSs3g3fxwbAlulHyRMghhIV04QUuW3pqDsIg==",
      "license": "MIT",
      "dependencies": {
        "@popperjs/core": "^2.11.8"
      },
      "engines": {
        "node": ">=20"
      },
      "funding": {
        "type": "github",
        "url": "https://github.com/sponsors/codecalm"
      },
      "peerDependencies": {
        "vanilla-calendar-pro": "^3.3.2"
      },
      "peerDependenciesMeta": {
        "vanilla-calendar-pro": {
          "optional": true
        }
      }
    },
    "node_modules/@tabler/icons": {
      "version": "3.49.0",
      "resolved": "https://registry.npmjs.org/@tabler/icons/-/icons-3.49.0.tgz",
      "integrity": "sha512-l+GnSkFETx0U26icxv1VUFnxxiTqXfCcVRiRAnyMwibupM2S2L/hSaZ9gmSgz01rkrsH/93NvLsxykqdanc6lw==",
      "license": "MIT",
      "funding": {
        "type": "github",
        "url": "https://github.com/sponsors/codecalm"
      }
    },
    "node_modules/@tabler/icons-webfont": {
      "version": "3.49.0",
      "resolved": "https://registry.npmjs.org/@tabler/icons-webfont/-/icons-webfont-3.49.0.tgz",
      "integrity": "sha512-kWgnmEzo17dzQyMqRmlfj+TiGV0clLMYfUtKp2WG7M+TH5418o6fsoaSlrOTK3lwESg0xS7jVfOozYrR02Ryxw==",
      "dependencies": {
        "@tabler/icons": "3.49.0"
      },
      "funding": {
        "type": "github",
        "url": "https://github.com/sponsors/codecalm"
      }
    },
    "node_modules/apex-commons": {
      "version": "0.8.1",
      "resolved": "https://registry.npmjs.org/apex-commons/-/apex-commons-0.8.1.tgz",
      "integrity": "sha512-F7fqJVh0smeTu1d86uuRSNNZvaM/l11GNQMbu6oAiSvuXp+K8KCufg0oZTy2VQBEEipRLAdFqkHnphlVpTG0Gw==",
      "license": "SEE LICENSE IN LICENSE"
    },
    "node_modules/apexcharts": {
      "version": "7.8.0",
      "resolved": "https://registry.npmjs.org/apexcharts/-/apexcharts-7.8.0.tgz",
      "integrity": "sha512-UxzR7IDXs3HDaOoxTsdn7L2dw9TdYp347uiU7WvjKuzCQqODmO7l63rxMmLwtbYrZPd+0Vd7v5VINzJgPyqmIw==",
      "license": "SEE LICENSE IN LICENSE",
      "dependencies": {
        "apex-commons": "^0.8.0"
      },
      "engines": {
        "node": "^20.19.0 || ^22.12.0 || >=24.0.0"
      }
    },
    "node_modules/hugerte": {
      "version": "1.0.14",
      "resolved": "https://registry.npmjs.org/hugerte/-/hugerte-1.0.14.tgz",
      "integrity": "sha512-pwJAt+o6PLH2+jJkyl5kHG54GozXfeaXiyF66khdUqiOUijYhXygK1tgktUZYTk+9ALItrTeX9Icj34JHzMA0A==",
      "license": "MIT",
      "funding": {
        "type": "opencollective",
        "url": "https://opencollective.com/hugerte"
      }
    },
    "node_modules/litepicker": {
      "version": "2.0.12",
      "resolved": "https://registry.npmjs.org/litepicker/-/litepicker-2.0.12.tgz",
      "integrity": "sha512-1N0sZJca/eALvS1hbJsVqKXwJAmp0BsJn73kZKWGGLjZkvjKr7HXGPV+/shu60aEY/JXoOg2XUmo7hbdIOsFpQ==",
      "license": "MIT"
    },
    "node_modules/tom-select": {
      "version": "2.6.2",
      "resolved": "https://registry.npmjs.org/tom-select/-/tom-select-2.6.2.tgz",
      "integrity": "sha512-eiXIkk82XzzUTOVQDFpy+ZGejuqdTvMukyUyeZBQaKnqW42UoTiTZnrod/eX0rkqJEc4rZY9DZ3zdjV07i29wQ==",
      "license": "Apache-2.0",
      "dependencies": {
        "@orchidjs/sifter": "^1.1.0",
        "@orchidjs/unicode-variants": "^1.1.2"
      },
      "engines": {
        "node": "*"
      },
      "funding": {
        "type": "opencollective",
        "url": "https://opencollective.com/tom-select"
      }
    }
  }
}
